<?xml version="1.0" encoding="utf-8"?>
<Project ToolsVersion="4.0" xmlns="http://schemas.microsoft.com/developer/msbuild/2003">
  <ItemGroup>
    <Filter Include="Source Files">
      <UniqueIdentifier>{4FC737F1-C7A5-4376-A066-2A32D752A2FF}</UniqueIdentifier>
      <Extensions>cpp;c;cc;cxx;def;odl;idl;hpj;bat;asm;asmx</Extensions>
    </Filter>
    <Filter Include="Header Files">
      <UniqueIdentifier>{93995380-89BD-4b04-88EB-625FBE52EBFB}</UniqueIdentifier>
      <Extensions>h;hpp;hxx;hm;inl;inc;xsd</Extensions>
    </Filter>
    <Filter Include="Resource Files">
      <UniqueIdentifier>{67DA6AB6-F800-4c08-8B7A-83BB121AAD01}</UniqueIdentifier>
      <Extensions>rc;ico;cur;bmp;dlg;rc2;rct;bin;rgs;gif;jpg;jpeg;jpe;resx;tiff;tif;png;wav;mfcribbon-ms</Extensions>
    </Filter>
  </ItemGroup>
  <ItemGroup>
    <ClCompile Include="..\CBandedGraphCut.cpp">
      <Filter>Source Files</Filter>
    </ClCompile>
    <ClCompile Include="..\CBoWSIFT.cpp">
      <Filter>Source Files</Filter>
    </ClCompile>
    <ClCompile Include="..\CInterViewGraph.cpp">
      <Filter>Source Files</Filter>
    </ClCompile>
    <ClCompile Include="..\CSingleViewProc.cpp">
      <Filter>Source Files</Filter>
    </ClCompile>
    <ClCompile Include="..\CSuperPixel.cpp">
      <Filter>Source Files</Filter>
    </ClCompile>
    <ClCompile Include="..\CTexton.cpp">
      <Filter>Source Files</Filter>
    </ClCompile>
    <ClCompile Include="..\dirop.cpp">
      <Filter>Source Files</Filter>
    </ClCompile>
    <ClCompile Include="..\gmm.cpp">
      <Filter>Source Files</Filter>
    </ClCompile>
    <ClCompile Include="..\gmmbuilder.cpp">
      <Filter>Source Files</Filter>
    </ClCompile>
    <ClCompile Include="..\grabcutapp.cpp">
      <Filter>Source Files</Filter>
    </ClCompile>
    <ClCompile Include="..\graphcutseg.cpp">
      <Filter>Source Files</Filter>
    </ClCompile>
    <ClCompile Include="..\main.cpp">
      <Filter>Source Files</Filter>
    </ClCompile>
    <ClCompile Include="..\SLIC.cpp">
      <Filter>Source Files</Filter>
    </ClCompile>
    <ClCompile Include="..\svm.cpp">
      <Filter>Source Files</Filter>
    </ClCompile>
    <ClCompile Include="..\imageLib\imageLib\Convert.cpp">
      <Filter>Source Files</Filter>
    </ClCompile>
    <ClCompile Include="..\imageLib\imageLib\Convolve.cpp">
      <Filter>Source Files</Filter>
    </ClCompile>
    <ClCompile Include="..\imageLib\imageLib\Image.cpp">
      <Filter>Source Files</Filter>
    </ClCompile>
    <ClCompile Include="..\imageLib\imageLib\RefCntMem.cpp">
      <Filter>Source Files</Filter>
    </ClCompile>
    <ClCompile Include="..\MRF2.2\MRF2.2\BP-S.cpp">
      <Filter>Source Files</Filter>
    </ClCompile>
    <ClCompile Include="..\MRF2.2\MRF2.2\GCoptimization.cpp">
      <Filter>Source Files</Filter>
    </ClCompile>
    <ClCompile Include="..\MRF2.2\MRF2.2\graph.cpp">
      <Filter>Source Files</Filter>
    </ClCompile>
    <ClCompile Include="..\MRF2.2\MRF2.2\ICM.cpp">
      <Filter>Source Files</Filter>
    </ClCompile>
    <ClCompile Include="..\MRF2.2\MRF2.2\LinkedBlockList.cpp">
      <Filter>Source Files</Filter>
    </ClCompile>
    <ClCompile Include="..\MRF2.2\MRF2.2\maxflow.cpp">
      <Filter>Source Files</Filter>
    </ClCompile>
    <ClCompile Include="..\MRF2.2\MRF2.2\MaxProdBP.cpp">
      <Filter>Source Files</Filter>
    </ClCompile>
    <ClCompile Include="..\MRF2.2\MRF2.2\mrf.cpp">
      <Filter>Source Files</Filter>
    </ClCompile>
    <ClCompile Include="..\MRF2.2\MRF2.2\regions-maxprod.cpp">
      <Filter>Source Files</Filter>
    </ClCompile>
    <ClCompile Include="..\MRF2.2\MRF2.2\TRW-S.cpp">
      <Filter>Source Files</Filter>
    </ClCompile>
    <ClCompile Include="..\mrfstereo\mrfstereo\mrfstereo.cpp">
      <Filter>Source Files</Filter>
    </ClCompile>
    <ClCompile Include="..\mrfstereo\mrfstereo\XGetopt.cpp">
      <Filter>Source Files</Filter>
    </ClCompile>
    <ClCompile Include="..\BPFlow.cpp">
      <Filter>Source Files</Filter>
    </ClCompile>
    <ClCompile Include="..\Stochastic.cpp">
      <Filter>Source Files</Filter>
    </ClCompile>
  </ItemGroup>
  <ItemGroup>
    <ClInclude Include="..\CBandedGraphCut.h">
      <Filter>Header Files</Filter>
    </ClInclude>
    <ClInclude Include="..\CBoWSIFT.h">
      <Filter>Header Files</Filter>
    </ClInclude>
    <ClInclude Include="..\CInterViewGraph.h">
      <Filter>Header Files</Filter>
    </ClInclude>
    <ClInclude Include="..\CSingleViewProc.h">
      <Filter>Header Files</Filter>
    </ClInclude>
    <ClInclude Include="..\CSuperPixel.h">
      <Filter>Header Files</Filter>
    </ClInclude>
    <ClInclude Include="..\CTexton.h">
      <Filter>Header Files</Filter>
    </ClInclude>
    <ClInclude Include="..\dirop.h">
      <Filter>Header Files</Filter>
    </ClInclude>
    <ClInclude Include="..\gcgraph.hpp">
      <Filter>Header Files</Filter>
    </ClInclude>
    <ClInclude Include="..\gmm.h">
      <Filter>Header Files</Filter>
    </ClInclude>
    <ClInclude Include="..\gmmbuilder.h">
      <Filter>Header Files</Filter>
    </ClInclude>
    <ClInclude Include="..\grabcutapp.h">
      <Filter>Header Files</Filter>
    </ClInclude>
    <ClInclude Include="..\graphcutseg.hpp">
      <Filter>Header Files</Filter>
    </ClInclude>
    <ClInclude Include="..\Image.h">
      <Filter>Header Files</Filter>
    </ClInclude>
    <ClInclude Include="..\ImageFeature.h">
      <Filter>Header Files</Filter>
    </ClInclude>
    <ClInclude Include="..\ImageProcessing.h">
      <Filter>Header Files</Filter>
    </ClInclude>
    <ClInclude Include="..\multiViewData.h">
      <Filter>Header Files</Filter>
    </ClInclude>
    <ClInclude Include="..\project.h">
      <Filter>Header Files</Filter>
    </ClInclude>
    <ClInclude Include="..\SLIC.h">
      <Filter>Header Files</Filter>
    </ClInclude>
    <ClInclude Include="..\svm.h">
      <Filter>Header Files</Filter>
    </ClInclude>
    <ClInclude Include="..\targetver.h">
      <Filter>Header Files</Filter>
    </ClInclude>
    <ClInclude Include="..\imageLib\imageLib\Convert.h">
      <Filter>Header Files</Filter>
    </ClInclude>
    <ClInclude Include="..\imageLib\imageLib\Convolve.h">
      <Filter>Header Files</Filter>
    </ClInclude>
    <ClInclude Include="..\imageLib\imageLib\Error.h">
      <Filter>Header Files</Filter>
    </ClInclude>
    <ClInclude Include="..\imageLib\imageLib\imageLib.h">
      <Filter>Header Files</Filter>
    </ClInclude>
    <ClInclude Include="..\imageLib\imageLib\RefCntMem.h">
      <Filter>Header Files</Filter>
    </ClInclude>
    <ClInclude Include="..\MRF2.2\MRF2.2\block.h">
      <Filter>Header Files</Filter>
    </ClInclude>
    <ClInclude Include="..\MRF2.2\MRF2.2\BP-S.h">
      <Filter>Header Files</Filter>
    </ClInclude>
    <ClInclude Include="..\MRF2.2\MRF2.2\energy.h">
      <Filter>Header Files</Filter>
    </ClInclude>
    <ClInclude Include="..\MRF2.2\MRF2.2\GCoptimization.h">
      <Filter>Header Files</Filter>
    </ClInclude>
    <ClInclude Include="..\MRF2.2\MRF2.2\graph.h">
      <Filter>Header Files</Filter>
    </ClInclude>
    <ClInclude Include="..\MRF2.2\MRF2.2\ICM.h">
      <Filter>Header Files</Filter>
    </ClInclude>
    <ClInclude Include="..\MRF2.2\MRF2.2\LinkedBlockList.h">
      <Filter>Header Files</Filter>
    </ClInclude>
    <ClInclude Include="..\MRF2.2\MRF2.2\MaxProdBP.h">
      <Filter>Header Files</Filter>
    </ClInclude>
    <ClInclude Include="..\MRF2.2\MRF2.2\mrf.h">
      <Filter>Header Files</Filter>
    </ClInclude>
    <ClInclude Include="..\MRF2.2\MRF2.2\regions-new.h">
      <Filter>Header Files</Filter>
    </ClInclude>
    <ClInclude Include="..\MRF2.2\MRF2.2\TRW-S.h">
      <Filter>Header Files</Filter>
    </ClInclude>
    <ClInclude Include="..\MRF2.2\MRF2.2\typeTruncatedQuadratic2D.h">
      <Filter>Header Files</Filter>
    </ClInclude>
    <ClInclude Include="..\mrfstereo\mrfstereo\mrfstereo.h">
      <Filter>Header Files</Filter>
    </ClInclude>
    <ClInclude Include="..\mrfstereo\mrfstereo\XGetopt.h">
      <Filter>Header Files</Filter>
    </ClInclude>
    <ClInclude Include="..\drawFlow.h">
      <Filter>Header Files</Filter>
    </ClInclude>
    <ClInclude Include="..\ui.h">
      <Filter>Header Files</Filter>
    </ClInclude>
    <ClInclude Include="..\BPFlow.h">
      <Filter>Header Files</Filter>
    </ClInclude>
    <ClInclude Include="..\Stochastic.h">
      <Filter>Header Files</Filter>
    </ClInclude>
  </ItemGroup>
</Project>